
Microsoft Visual Studio Solution File, Format Version 12.00
# Visual Studio Version 17
VisualStudioVersion = 17.1.32228.430
MinimumVisualStudioVersion = 10.0.40219.1
Project("{FAE04EC0-301F-11D3-BF4B-00C04F79EFBC}") = "NanoGen", "NanoGen\NanoGen.csproj", "{3DF9FFBC-477A-4A1C-B917-2A198344B5D3}"
EndProject
Project("{9A19103F-16F7-4668-BE54-9A1E7A4F7556}") = "Nano.Net", "..\Nano.Net-master\Nano.Net\Nano.Net.csproj", "{609E9FAF-34B8-44F6-B7D8-A7D43DF512DF}"
EndProject
Global
	GlobalSection(SolutionConfigurationPlatforms) = preSolution
		Debug|Any CPU = Debug|Any CPU
		Release|Any CPU = Release|Any CPU
	EndGlobalSection
	GlobalSection(ProjectConfigurationPlatforms) = postSolution
		{3DF9FFBC-477A-4A1C-B917-2A198344B5D3}.Debug|Any CPU.ActiveCfg = Debug|Any CPU
		{3DF9FFBC-477A-4A1C-B917-2A198344B5D3}.Debug|Any CPU.Build.0 = Debug|Any CPU
		{3DF9FFBC-477A-4A1C-B917-2A198344B5D3}.Release|Any CPU.ActiveCfg = Release|Any CPU
		{3DF9FFBC-477A-4A1C-B917-2A198344B5D3}.Release|Any CPU.Build.0 = Release|Any CPU
		{609E9FAF-34B8-44F6-B7D8-A7D43DF512DF}.Debug|Any CPU.ActiveCfg = Debug|Any CPU
		{609E9FAF-34B8-44F6-B7D8-A7D43DF512DF}.Debug|Any CPU.Build.0 = Debug|Any CPU
		{609E9FAF-34B8-44F6-B7D8-A7D43DF512DF}.Release|Any CPU.ActiveCfg = Release|Any CPU
		{609E9FAF-34B8-44F6-B7D8-A7D43DF512DF}.Release|Any CPU.Build.0 = Release|Any CPU
	EndGlobalSection
	GlobalSection(SolutionProperties) = preSolution
		HideSolutionNode = FALSE
	EndGlobalSection
	GlobalSection(ExtensibilityGlobals) = postSolution
		SolutionGuid = {F705F00A-C0A6-4793-A215-5571CC02CC14}
	EndGlobalSection
EndGlobal
